
Microsoft Visual Studio Solution File, Format Version 12.00
# Visual Studio Version 17
VisualStudioVersion = 17.3.32819.101
MinimumVisualStudioVersion = 10.0.40219.1
Project("{FAE04EC0-301F-11D3-BF4B-00C04F79EFBC}") = "BoogieFN", "BoogieFN\BoogieFN.csproj", "{A79817AA-9EE5-4C43-9392-BDAC25DD94CF}"
EndProject
Global
	GlobalSection(SolutionConfigurationPlatforms) = preSolution
		Debug|Any CPU = Debug|Any CPU
		Release|Any CPU = Release|Any CPU
	EndGlobalSection
	GlobalSection(ProjectConfigurationPlatforms) = postSolution
		{A79817AA-9EE5-4C43-9392-BDAC25DD94CF}.Debug|Any CPU.ActiveCfg = Debug|Any CPU
		{A79817AA-9EE5-4C43-9392-BDAC25DD94CF}.Debug|Any CPU.Build.0 = Debug|Any CPU
		{A79817AA-9EE5-4C43-9392-BDAC25DD94CF}.Release|Any CPU.ActiveCfg = Release|Any CPU
		{A79817AA-9EE5-4C43-9392-BDAC25DD94CF}.Release|Any CPU.Build.0 = Release|Any CPU
	EndGlobalSection
	GlobalSection(SolutionProperties) = preSolution
		HideSolutionNode = FALSE
	EndGlobalSection
	GlobalSection(ExtensibilityGlobals) = postSolution
		SolutionGuid = {373E0374-E751-4293-BB6B-F1D6C99834B2}
	EndGlobalSection
EndGlobal
